// !$*UTF8*$!
{
	archiveVersion = 1;
	classes = {
	};
	objectVersion = 50;
	objects = {

/* Begin PBXBuildFile section */
		22879E2F26D0B46A00682651 /* AppDelegate.swift in Sources */ = {isa = PBXBuildFile; fileRef = 22879E2E26D0B46A00682651 /* AppDelegate.swift */; };
		22879E3126D0B46A00682651 /* SceneDelegate.swift in Sources */ = {isa = PBXBuildFile; fileRef = 22879E3026D0B46A00682651 /* SceneDelegate.swift */; };
		22879E3326D0B46A00682651 /* ViewController.swift in Sources */ = {isa = PBXBuildFile; fileRef = 22879E3226D0B46A00682651 /* ViewController.swift */; };
		22879E3626D0B46A00682651 /* Main.storyboard in Resources */ = {isa = PBXBuildFile; fileRef = 22879E3426D0B46A00682651 /* Main.storyboard */; };
		22879E3826D0B46B00682651 /* Assets.xcassets in Resources */ = {isa = PBXBuildFile; fileRef = 22879E3726D0B46B00682651 /* Assets.xcassets */; };
		22879E3B26D0B46B00682651 /* LaunchScreen.storyboard in Resources */ = {isa = PBXBuildFile; fileRef = 22879E3926D0B46B00682651 /* LaunchScreen.storyboard */; };
		22879E4526D0D2D000682651 /* WifiInfoProvider.swift in Sources */ = {isa = PBXBuildFile; fileRef = 22879E4426D0D2D000682651 /* WifiInfoProvider.swift */; };
		22879E4726D0D33300682651 /* WifiInfoProviding.swift in Sources */ = {isa = PBXBuildFile; fileRef = 22879E4626D0D33300682651 /* WifiInfoProviding.swift */; };
		22879E4926D1134300682651 /* ViewControllerPresenter.swift in Sources */ = {isa = PBXBuildFile; fileRef = 22879E4826D1134300682651 /* ViewControllerPresenter.swift */; };
		22879E4B26D1136F00682651 /* ViewModel.swift in Sources */ = {isa = PBXBuildFile; fileRef = 22879E4A26D1136F00682651 /* ViewModel.swift */; };
		22879E4E26D115ED00682651 /* LocationInfoManaging.swift in Sources */ = {isa = PBXBuildFile; fileRef = 22879E4D26D115ED00682651 /* LocationInfoManaging.swift */; };
		22879E5326D123D600682651 /* LocationPermissionState.swift in Sources */ = {isa = PBXBuildFile; fileRef = 22879E5226D123D600682651 /* LocationPermissionState.swift */; };
		22879E5E26D1E94600682651 /* DeniedView.xib in Resources */ = {isa = PBXBuildFile; fileRef = 22879E5D26D1E94600682651 /* DeniedView.xib */; };
		22879E6026D1EFCB00682651 /* AuthorisedNoSSID.xib in Resources */ = {isa = PBXBuildFile; fileRef = 22879E5F26D1EFCB00682651 /* AuthorisedNoSSID.xib */; };
		22879E6226D1F17E00682651 /* AuthorisedWithSSIDView.xib in Resources */ = {isa = PBXBuildFile; fileRef = 22879E6126D1F17E00682651 /* AuthorisedWithSSIDView.xib */; };
		22879E6426D1F38F00682651 /* AuthorisedWithSSIDView.swift in Sources */ = {isa = PBXBuildFile; fileRef = 22879E6326D1F38F00682651 /* AuthorisedWithSSIDView.swift */; };
		22879E6626D1FD5F00682651 /* UnknownPermissionView.xib in Resources */ = {isa = PBXBuildFile; fileRef = 22879E6526D1FD5F00682651 /* UnknownPermissionView.xib */; };
		22879E7626D2204000682651 /* ViewControllerPresenterTests.swift in Sources */ = {isa = PBXBuildFile; fileRef = 22879E7526D2204000682651 /* ViewControllerPresenterTests.swift */; };
		22879E7826D2224000682651 /* MockLocationManager.swift in Sources */ = {isa = PBXBuildFile; fileRef = 22879E7726D2224000682651 /* MockLocationManager.swift */; };
		22879E7C26D2282500682651 /* LocationPermissionDelegating.swift in Sources */ = {isa = PBXBuildFile; fileRef = 22879E7B26D2282500682651 /* LocationPermissionDelegating.swift */; };
		22879E7E26D22C8100682651 /* MockWifiProvider.swift in Sources */ = {isa = PBXBuildFile; fileRef = 22879E7D26D22C8100682651 /* MockWifiProvider.swift */; };
		22879E8026D22D0000682651 /* MockLocationManagerDelegate.swift in Sources */ = {isa = PBXBuildFile; fileRef = 22879E7F26D22D0000682651 /* MockLocationManagerDelegate.swift */; };
		22879E8226D2A82200682651 /* LocationInfoManager.swift in Sources */ = {isa = PBXBuildFile; fileRef = 22879E8126D2A82200682651 /* LocationInfoManager.swift */; };
/* End PBXBuildFile section */

/* Begin PBXContainerItemProxy section */
		22879E7026D21FEF00682651 /* PBXContainerItemProxy */ = {
			isa = PBXContainerItemProxy;
			containerPortal = 22879E2326D0B46A00682651 /* Project object */;
			proxyType = 1;
			remoteGlobalIDString = 22879E2A26D0B46A00682651;
			remoteInfo = WifiDetector;
		};
/* End PBXContainerItemProxy section */

/* Begin PBXFileReference section */
		22879E2B26D0B46A00682651 /* WifiDetector.app */ = {isa = PBXFileReference; explicitFileType = wrapper.application; includeInIndex = 0; path = WifiDetector.app; sourceTree = BUILT_PRODUCTS_DIR; };
		22879E2E26D0B46A00682651 /* AppDelegate.swift */ = {isa = PBXFileReference; lastKnownFileType = sourcecode.swift; path = AppDelegate.swift; sourceTree = "<group>"; };
		22879E3026D0B46A00682651 /* SceneDelegate.swift */ = {isa = PBXFileReference; lastKnownFileType = sourcecode.swift; path = SceneDelegate.swift; sourceTree = "<group>"; };
		22879E3226D0B46A00682651 /* ViewController.swift */ = {isa = PBXFileReference; lastKnownFileType = sourcecode.swift; path = ViewController.swift; sourceTree = "<group>"; };
		22879E3526D0B46A00682651 /* Base */ = {isa = PBXFileReference; lastKnownFileType = file.storyboard; name = Base; path = Base.lproj/Main.storyboard; sourceTree = "<group>"; };
		22879E3726D0B46B00682651 /* Assets.xcassets */ = {isa = PBXFileReference; lastKnownFileType = folder.assetcatalog; path = Assets.xcassets; sourceTree = "<group>"; };
		22879E3A26D0B46B00682651 /* Base */ = {isa = PBXFileReference; lastKnownFileType = file.storyboard; name = Base; path = Base.lproj/LaunchScreen.storyboard; sourceTree = "<group>"; };
		22879E3C26D0B46B00682651 /* Info.plist */ = {isa = PBXFileReference; lastKnownFileType = text.plist.xml; path = Info.plist; sourceTree = "<group>"; };
		22879E4426D0D2D000682651 /* WifiInfoProvider.swift */ = {isa = PBXFileReference; lastKnownFileType = sourcecode.swift; path = WifiInfoProvider.swift; sourceTree = "<group>"; };
		22879E4626D0D33300682651 /* WifiInfoProviding.swift */ = {isa = PBXFileReference; lastKnownFileType = sourcecode.swift; path = WifiInfoProviding.swift; sourceTree = "<group>"; };
		22879E4826D1134300682651 /* ViewControllerPresenter.swift */ = {isa = PBXFileReference; lastKnownFileType = sourcecode.swift; path = ViewControllerPresenter.swift; sourceTree = "<group>"; };
		22879E4A26D1136F00682651 /* ViewModel.swift */ = {isa = PBXFileReference; lastKnownFileType = sourcecode.swift; path = ViewModel.swift; sourceTree = "<group>"; };
		22879E4D26D115ED00682651 /* LocationInfoManaging.swift */ = {isa = PBXFileReference; lastKnownFileType = sourcecode.swift; path = LocationInfoManaging.swift; sourceTree = "<group>"; };
		22879E5226D123D600682651 /* LocationPermissionState.swift */ = {isa = PBXFileReference; lastKnownFileType = sourcecode.swift; path = LocationPermissionState.swift; sourceTree = "<group>"; };
		22879E5D26D1E94600682651 /* DeniedView.xib */ = {isa = PBXFileReference; lastKnownFileType = file.xib; path = DeniedView.xib; sourceTree = "<group>"; };
		22879E5F26D1EFCB00682651 /* AuthorisedNoSSID.xib */ = {isa = PBXFileReference; lastKnownFileType = file.xib; path = AuthorisedNoSSID.xib; sourceTree = "<group>"; };
		22879E6126D1F17E00682651 /* AuthorisedWithSSIDView.xib */ = {isa = PBXFileReference; lastKnownFileType = file.xib; path = AuthorisedWithSSIDView.xib; sourceTree = "<group>"; };
		22879E6326D1F38F00682651 /* AuthorisedWithSSIDView.swift */ = {isa = PBXFileReference; lastKnownFileType = sourcecode.swift; path = AuthorisedWithSSIDView.swift; sourceTree = "<group>"; };
		22879E6526D1FD5F00682651 /* UnknownPermissionView.xib */ = {isa = PBXFileReference; lastKnownFileType = file.xib; path = UnknownPermissionView.xib; sourceTree = "<group>"; };
		22879E6B26D21FEF00682651 /* WifiDetectorTests.xctest */ = {isa = PBXFileReference; explicitFileType = wrapper.cfbundle; includeInIndex = 0; path = WifiDetectorTests.xctest; sourceTree = BUILT_PRODUCTS_DIR; };
		22879E6F26D21FEF00682651 /* Info.plist */ = {isa = PBXFileReference; lastKnownFileType = text.plist.xml; path = Info.plist; sourceTree = "<group>"; };
		22879E7526D2204000682651 /* ViewControllerPresenterTests.swift */ = {isa = PBXFileReference; lastKnownFileType = sourcecode.swift; path = ViewControllerPresenterTests.swift; sourceTree = "<group>"; };
		22879E7726D2224000682651 /* MockLocationManager.swift */ = {isa = PBXFileReference; lastKnownFileType = sourcecode.swift; path = MockLocationManager.swift; sourceTree = "<group>"; };
		22879E7B26D2282500682651 /* LocationPermissionDelegating.swift */ = {isa = PBXFileReference; lastKnownFileType = sourcecode.swift; path = LocationPermissionDelegating.swift; sourceTree = "<group>"; };
		22879E7D26D22C8100682651 /* MockWifiProvider.swift */ = {isa = PBXFileReference; lastKnownFileType = sourcecode.swift; path = MockWifiProvider.swift; sourceTree = "<group>"; };
		22879E7F26D22D0000682651 /* MockLocationManagerDelegate.swift */ = {isa = PBXFileReference; lastKnownFileType = sourcecode.swift; path = MockLocationManagerDelegate.swift; sourceTree = "<group>"; };
		22879E8126D2A82200682651 /* LocationInfoManager.swift */ = {isa = PBXFileReference; lastKnownFileType = sourcecode.swift; path = LocationInfoManager.swift; sourceTree = "<group>"; };
/* End PBXFileReference section */

/* Begin PBXFrameworksBuildPhase section */
		22879E2826D0B46A00682651 /* Frameworks */ = {
			isa = PBXFrameworksBuildPhase;
			buildActionMask = 2147483647;
			files = (
			);
			runOnlyForDeploymentPostprocessing = 0;
		};
		22879E6826D21FEF00682651 /* Frameworks */ = {
			isa = PBXFrameworksBuildPhase;
			buildActionMask = 2147483647;
			files = (
			);
			runOnlyForDeploymentPostprocessing = 0;
		};
/* End PBXFrameworksBuildPhase section */

/* Begin PBXGroup section */
		22879E2226D0B46A00682651 = {
			isa = PBXGroup;
			children = (
				22879E2D26D0B46A00682651 /* WifiDetector */,
				22879E6C26D21FEF00682651 /* WifiDetectorTests */,
				22879E2C26D0B46A00682651 /* Products */,
			);
			sourceTree = "<group>";
		};
		22879E2C26D0B46A00682651 /* Products */ = {
			isa = PBXGroup;
			children = (
				22879E2B26D0B46A00682651 /* WifiDetector.app */,
				22879E6B26D21FEF00682651 /* WifiDetectorTests.xctest */,
			);
			name = Products;
			sourceTree = "<group>";
		};
		22879E2D26D0B46A00682651 /* WifiDetector */ = {
			isa = PBXGroup;
			children = (
				22879E5126D123A300682651 /* ViewController */,
				22879E4C26D115CA00682651 /* LocationPermissionProvider */,
				22879E4326D0D2BD00682651 /* Wifi */,
				22879E2E26D0B46A00682651 /* AppDelegate.swift */,
				22879E3026D0B46A00682651 /* SceneDelegate.swift */,
				22879E3426D0B46A00682651 /* Main.storyboard */,
				22879E3726D0B46B00682651 /* Assets.xcassets */,
				22879E3926D0B46B00682651 /* LaunchScreen.storyboard */,
				22879E3C26D0B46B00682651 /* Info.plist */,
			);
			path = WifiDetector;
			sourceTree = "<group>";
		};
		22879E4326D0D2BD00682651 /* Wifi */ = {
			isa = PBXGroup;
			children = (
				22879E4426D0D2D000682651 /* WifiInfoProvider.swift */,
				22879E4626D0D33300682651 /* WifiInfoProviding.swift */,
			);
			path = Wifi;
			sourceTree = "<group>";
		};
		22879E4C26D115CA00682651 /* LocationPermissionProvider */ = {
			isa = PBXGroup;
			children = (
				22879E4D26D115ED00682651 /* LocationInfoManaging.swift */,
				22879E7B26D2282500682651 /* LocationPermissionDelegating.swift */,
				22879E8126D2A82200682651 /* LocationInfoManager.swift */,
			);
			path = LocationPermissionProvider;
			sourceTree = "<group>";
		};
		22879E5126D123A300682651 /* ViewController */ = {
			isa = PBXGroup;
			children = (
				22879E5426D1E83E00682651 /* Views */,
				22879E4A26D1136F00682651 /* ViewModel.swift */,
				22879E4826D1134300682651 /* ViewControllerPresenter.swift */,
				22879E3226D0B46A00682651 /* ViewController.swift */,
				22879E5226D123D600682651 /* LocationPermissionState.swift */,
			);
			path = ViewController;
			sourceTree = "<group>";
		};
		22879E5426D1E83E00682651 /* Views */ = {
			isa = PBXGroup;
			children = (
				22879E5D26D1E94600682651 /* DeniedView.xib */,
				22879E5F26D1EFCB00682651 /* AuthorisedNoSSID.xib */,
				22879E6126D1F17E00682651 /* AuthorisedWithSSIDView.xib */,
				22879E6326D1F38F00682651 /* AuthorisedWithSSIDView.swift */,
				22879E6526D1FD5F00682651 /* UnknownPermissionView.xib */,
			);
			path = Views;
			sourceTree = "<group>";
		};
		22879E6C26D21FEF00682651 /* WifiDetectorTests */ = {
			isa = PBXGroup;
			children = (
				22879E6F26D21FEF00682651 /* Info.plist */,
				22879E7526D2204000682651 /* ViewControllerPresenterTests.swift */,
				22879E7726D2224000682651 /* MockLocationManager.swift */,
				22879E7D26D22C8100682651 /* MockWifiProvider.swift */,
				22879E7F26D22D0000682651 /* MockLocationManagerDelegate.swift */,
			);
			path = WifiDetectorTests;
			sourceTree = "<group>";
		};
/* End PBXGroup section */

/* Begin PBXNativeTarget section */
		22879E2A26D0B46A00682651 /* WifiDetector */ = {
			isa = PBXNativeTarget;
			buildConfigurationList = 22879E3F26D0B46B00682651 /* Build configuration list for PBXNativeTarget "WifiDetector" */;
			buildPhases = (
				22879E2726D0B46A00682651 /* Sources */,
				22879E2826D0B46A00682651 /* Frameworks */,
				22879E2926D0B46A00682651 /* Resources */,
			);
			buildRules = (
			);
			dependencies = (
			);
			name = WifiDetector;
			productName = WifiDetector;
			productReference = 22879E2B26D0B46A00682651 /* WifiDetector.app */;
			productType = "com.apple.product-type.application";
		};
		22879E6A26D21FEF00682651 /* WifiDetectorTests */ = {
			isa = PBXNativeTarget;
			buildConfigurationList = 22879E7226D21FEF00682651 /* Build configuration list for PBXNativeTarget "WifiDetectorTests" */;
			buildPhases = (
				22879E6726D21FEF00682651 /* Sources */,
				22879E6826D21FEF00682651 /* Frameworks */,
				22879E6926D21FEF00682651 /* Resources */,
			);
			buildRules = (
			);
			dependencies = (
				22879E7126D21FEF00682651 /* PBXTargetDependency */,
			);
			name = WifiDetectorTests;
			productName = WifiDetectorTests;
			productReference = 22879E6B26D21FEF00682651 /* WifiDetectorTests.xctest */;
			productType = "com.apple.product-type.bundle.unit-test";
		};
/* End PBXNativeTarget section */

/* Begin PBXProject section */
		22879E2326D0B46A00682651 /* Project object */ = {
			isa = PBXProject;
			attributes = {
				LastSwiftUpdateCheck = 1250;
				LastUpgradeCheck = 1250;
				TargetAttributes = {
					22879E2A26D0B46A00682651 = {
						CreatedOnToolsVersion = 12.5.1;
					};
					22879E6A26D21FEF00682651 = {
						CreatedOnToolsVersion = 12.5.1;
						TestTargetID = 22879E2A26D0B46A00682651;
					};
				};
			};
			buildConfigurationList = 22879E2626D0B46A00682651 /* Build configuration list for PBXProject "WifiDetector" */;
			compatibilityVersion = "Xcode 9.3";
			developmentRegion = en;
			hasScannedForEncodings = 0;
			knownRegions = (
				en,
				Base,
			);
			mainGroup = 22879E2226D0B46A00682651;
			productRefGroup = 22879E2C26D0B46A00682651 /* Products */;
			projectDirPath = "";
			projectRoot = "";
			targets = (
				22879E2A26D0B46A00682651 /* WifiDetector */,
				22879E6A26D21FEF00682651 /* WifiDetectorTests */,
			);
		};
/* End PBXProject section */

/* Begin PBXResourcesBuildPhase section */
		22879E2926D0B46A00682651 /* Resources */ = {
			isa = PBXResourcesBuildPhase;
			buildActionMask = 2147483647;
			files = (
				22879E6226D1F17E00682651 /* AuthorisedWithSSIDView.xib in Resources */,
				22879E3B26D0B46B00682651 /* LaunchScreen.storyboard in Resources */,
				22879E3826D0B46B00682651 /* Assets.xcassets in Resources */,
				22879E3626D0B46A00682651 /* Main.storyboard in Resources */,
				22879E6626D1FD5F00682651 /* UnknownPermissionView.xib in Resources */,
				22879E6026D1EFCB00682651 /* AuthorisedNoSSID.xib in Resources */,
				22879E5E26D1E94600682651 /* DeniedView.xib in Resources */,
			);
			runOnlyForDeploymentPostprocessing = 0;
		};
		22879E6926D21FEF00682651 /* Resources */ = {
			isa = PBXResourcesBuildPhase;
			buildActionMask = 2147483647;
			files = (
			);
			runOnlyForDeploymentPostprocessing = 0;
		};
/* End PBXResourcesBuildPhase section */

/* Begin PBXSourcesBuildPhase section */
		22879E2726D0B46A00682651 /* Sources */ = {
			isa = PBXSourcesBuildPhase;
			buildActionMask = 2147483647;
			files = (
				22879E3326D0B46A00682651 /* ViewController.swift in Sources */,
				22879E6426D1F38F00682651 /* AuthorisedWithSSIDView.swift in Sources */,
				22879E2F26D0B46A00682651 /* AppDelegate.swift in Sources */,
				22879E3126D0B46A00682651 /* SceneDelegate.swift in Sources */,
				22879E4926D1134300682651 /* ViewControllerPresenter.swift in Sources */,
				22879E7C26D2282500682651 /* LocationPermissionDelegating.swift in Sources */,
				22879E8226D2A82200682651 /* LocationInfoManager.swift in Sources */,
				22879E5326D123D600682651 /* LocationPermissionState.swift in Sources */,
				22879E4E26D115ED00682651 /* LocationInfoManaging.swift in Sources */,
				22879E4726D0D33300682651 /* WifiInfoProviding.swift in Sources */,
				22879E4526D0D2D000682651 /* WifiInfoProvider.swift in Sources */,
				22879E4B26D1136F00682651 /* ViewModel.swift in Sources */,
			);
			runOnlyForDeploymentPostprocessing = 0;
		};
		22879E6726D21FEF00682651 /* Sources */ = {
			isa = PBXSourcesBuildPhase;
			buildActionMask = 2147483647;
			files = (
				22879E7E26D22C8100682651 /* MockWifiProvider.swift in Sources */,
				22879E7826D2224000682651 /* MockLocationManager.swift in Sources */,
				22879E7626D2204000682651 /* ViewControllerPresenterTests.swift in Sources */,
				22879E8026D22D0000682651 /* MockLocationManagerDelegate.swift in Sources */,
			);
			runOnlyForDeploymentPostprocessing = 0;
		};
/* End PBXSourcesBuildPhase section */

/* Begin PBXTargetDependency section */
		22879E7126D21FEF00682651 /* PBXTargetDependency */ = {
			isa = PBXTargetDependency;
			target = 22879E2A26D0B46A00682651 /* WifiDetector */;
			targetProxy = 22879E7026D21FEF00682651 /* PBXContainerItemProxy */;
		};
/* End PBXTargetDependency section */

/* Begin PBXVariantGroup section */
		22879E3426D0B46A00682651 /* Main.storyboard */ = {
			isa = PBXVariantGroup;
			children = (
				22879E3526D0B46A00682651 /* Base */,
			);
			name = Main.storyboard;
			sourceTree = "<group>";
		};
		22879E3926D0B46B00682651 /* LaunchScreen.storyboard */ = {
			isa = PBXVariantGroup;
			children = (
				22879E3A26D0B46B00682651 /* Base */,
			);
			name = LaunchScreen.storyboard;
			sourceTree = "<group>";
		};
/* End PBXVariantGroup section */

/* Begin XCBuildConfiguration section */
		22879E3D26D0B46B00682651 /* Debug */ = {
			isa = XCBuildConfiguration;
			buildSettings = {
				ALWAYS_SEARCH_USER_PATHS = NO;
				CLANG_ANALYZER_NONNULL = YES;
				CLANG_ANALYZER_NUMBER_OBJECT_CONVERSION = YES_AGGRESSIVE;
				CLANG_CXX_LANGUAGE_STANDARD = "gnu++14";
				CLANG_CXX_LIBRARY = "libc++";
				CLANG_ENABLE_MODULES = YES;
				CLANG_ENABLE_OBJC_ARC = YES;
				CLANG_ENABLE_OBJC_WEAK = YES;
				CLANG_WARN_BLOCK_CAPTURE_AUTORELEASING = YES;
				CLANG_WARN_BOOL_CONVERSION = YES;
				CLANG_WARN_COMMA = YES;
				CLANG_WARN_CONSTANT_CONVERSION = YES;
				CLANG_WARN_DEPRECATED_OBJC_IMPLEMENTATIONS = YES;
				CLANG_WARN_DIRECT_OBJC_ISA_USAGE = YES_ERROR;
				CLANG_WARN_DOCUMENTATION_COMMENTS = YES;
				CLANG_WARN_EMPTY_BODY = YES;
				CLANG_WARN_ENUM_CONVERSION = YES;
				CLANG_WARN_INFINITE_RECURSION = YES;
				CLANG_WARN_INT_CONVERSION = YES;
				CLANG_WARN_NON_LITERAL_NULL_CONVERSION = YES;
				CLANG_WARN_OBJC_IMPLICIT_RETAIN_SELF = YES;
				CLANG_WARN_OBJC_LITERAL_CONVERSION = YES;
				CLANG_WARN_OBJC_ROOT_CLASS = YES_ERROR;
				CLANG_WARN_QUOTED_INCLUDE_IN_FRAMEWORK_HEADER = YES;
				CLANG_WARN_RANGE_LOOP_ANALYSIS = YES;
				CLANG_WARN_STRICT_PROTOTYPES = YES;
				CLANG_WARN_SUSPICIOUS_MOVE = YES;
				CLANG_WARN_UNGUARDED_AVAILABILITY = YES_AGGRESSIVE;
				CLANG_WARN_UNREACHABLE_CODE = YES;
				CLANG_WARN__DUPLICATE_METHOD_MATCH = YES;
				COPY_PHASE_STRIP = NO;
				DEBUG_INFORMATION_FORMAT = dwarf;
				ENABLE_STRICT_OBJC_MSGSEND = YES;
				ENABLE_TESTABILITY = YES;
				GCC_C_LANGUAGE_STANDARD = gnu11;
				GCC_DYNAMIC_NO_PIC = NO;
				GCC_NO_COMMON_BLOCKS = YES;
				GCC_OPTIMIZATION_LEVEL = 0;
				GCC_PREPROCESSOR_DEFINITIONS = (
					"DEBUG=1",
					"$(inherited)",
				);
				GCC_WARN_64_TO_32_BIT_CONVERSION = YES;
				GCC_WARN_ABOUT_RETURN_TYPE = YES_ERROR;
				GCC_WARN_UNDECLARED_SELECTOR = YES;
				GCC_WARN_UNINITIALIZED_AUTOS = YES_AGGRESSIVE;
				GCC_WARN_UNUSED_FUNCTION = YES;
				GCC_WARN_UNUSED_VARIABLE = YES;
				IPHONEOS_DEPLOYMENT_TARGET = 14.5;
				MTL_ENABLE_DEBUG_INFO = INCLUDE_SOURCE;
				MTL_FAST_MATH = YES;
				ONLY_ACTIVE_ARCH = YES;
				SDKROOT = iphoneos;
				SWIFT_ACTIVE_COMPILATION_CONDITIONS = DEBUG;
				SWIFT_OPTIMIZATION_LEVEL = "-Onone";
			};
			name = Debug;
		};
		22879E3E26D0B46B00682651 /* Release */ = {
			isa = XCBuildConfiguration;
			buildSettings = {
				ALWAYS_SEARCH_USER_PATHS = NO;
				CLANG_ANALYZER_NONNULL = YES;
				CLANG_ANALYZER_NUMBER_OBJECT_CONVERSION = YES_AGGRESSIVE;
				CLANG_CXX_LANGUAGE_STANDARD = "gnu++14";
				CLANG_CXX_LIBRARY = "libc++";
				CLANG_ENABLE_MODULES = YES;
				CLANG_ENABLE_OBJC_ARC = YES;
				CLANG_ENABLE_OBJC_WEAK = YES;
				CLANG_WARN_BLOCK_CAPTURE_AUTORELEASING = YES;
				CLANG_WARN_BOOL_CONVERSION = YES;
				CLANG_WARN_COMMA = YES;
				CLANG_WARN_CONSTANT_CONVERSION = YES;
				CLANG_WARN_DEPRECATED_OBJC_IMPLEMENTATIONS = YES;
				CLANG_WARN_DIRECT_OBJC_ISA_USAGE = YES_ERROR;
				CLANG_WARN_DOCUMENTATION_COMMENTS = YES;
				CLANG_WARN_EMPTY_BODY = YES;
				CLANG_WARN_ENUM_CONVERSION = YES;
				CLANG_WARN_INFINITE_RECURSION = YES;
				CLANG_WARN_INT_CONVERSION = YES;
				CLANG_WARN_NON_LITERAL_NULL_CONVERSION = YES;
				CLANG_WARN_OBJC_IMPLICIT_RETAIN_SELF = YES;
				CLANG_WARN_OBJC_LITERAL_CONVERSION = YES;
				CLANG_WARN_OBJC_ROOT_CLASS = YES_ERROR;
				CLANG_WARN_QUOTED_INCLUDE_IN_FRAMEWORK_HEADER = YES;
				CLANG_WARN_RANGE_LOOP_ANALYSIS = YES;
				CLANG_WARN_STRICT_PROTOTYPES = YES;
				CLANG_WARN_SUSPICIOUS_MOVE = YES;
				CLANG_WARN_UNGUARDED_AVAILABILITY = YES_AGGRESSIVE;
				CLANG_WARN_UNREACHABLE_CODE = YES;
				CLANG_WARN__DUPLICATE_METHOD_MATCH = YES;
				COPY_PHASE_STRIP = NO;
				DEBUG_INFORMATION_FORMAT = "dwarf-with-dsym";
				ENABLE_NS_ASSERTIONS = NO;
				ENABLE_STRICT_OBJC_MSGSEND = YES;
				GCC_C_LANGUAGE_STANDARD = gnu11;
				GCC_NO_COMMON_BLOCKS = YES;
				GCC_WARN_64_TO_32_BIT_CONVERSION = YES;
				GCC_WARN_ABOUT_RETURN_TYPE = YES_ERROR;
				GCC_WARN_UNDECLARED_SELECTOR = YES;
				GCC_WARN_UNINITIALIZED_AUTOS = YES_AGGRESSIVE;
				GCC_WARN_UNUSED_FUNCTION = YES;
				GCC_WARN_UNUSED_VARIABLE = YES;
				IPHONEOS_DEPLOYMENT_TARGET = 14.5;
				MTL_ENABLE_DEBUG_INFO = NO;
				MTL_FAST_MATH = YES;
				SDKROOT = iphoneos;
				SWIFT_COMPILATION_MODE = wholemodule;
				SWIFT_OPTIMIZATION_LEVEL = "-O";
				VALIDATE_PRODUCT = YES;
			};
			name = Release;
		};
		22879E4026D0B46B00682651 /* Debug */ = {
			isa = XCBuildConfiguration;
			buildSettings = {
				ASSETCATALOG_COMPILER_APPICON_NAME = AppIcon;
				ASSETCATALOG_COMPILER_GLOBAL_ACCENT_COLOR_NAME = AccentColor;
				CODE_SIGN_ENTITLEMENTS = WifiDetector/WifiDetector.entitlements;
				CODE_SIGN_STYLE = Automatic;
				DEVELOPMENT_TEAM = "";
				INFOPLIST_FILE = WifiDetector/Info.plist;
				LD_RUNPATH_SEARCH_PATHS = (
					"$(inherited)",
					"@executable_path/Frameworks",
				);
				PRODUCT_BUNDLE_IDENTIFIER = com.sanijalal.WifiDetector;
				PRODUCT_NAME = "$(TARGET_NAME)";
				SWIFT_VERSION = 5.0;
				TARGETED_DEVICE_FAMILY = "1,2";
			};
			name = Debug;
		};
		22879E4126D0B46B00682651 /* Release */ = {
			isa = XCBuildConfiguration;
			buildSettings = {
				ASSETCATALOG_COMPILER_APPICON_NAME = AppIcon;
				ASSETCATALOG_COMPILER_GLOBAL_ACCENT_COLOR_NAME = AccentColor;
				CODE_SIGN_ENTITLEMENTS = WifiDetector/WifiDetector.entitlements;
				CODE_SIGN_STYLE = Automatic;
				DEVELOPMENT_TEAM = "";
				INFOPLIST_FILE = WifiDetector/Info.plist;
				LD_RUNPATH_SEARCH_PATHS = (
					"$(inherited)",
					"@executable_path/Frameworks",
				);
				PRODUCT_BUNDLE_IDENTIFIER = com.sanijalal.WifiDetector;
				PRODUCT_NAME = "$(TARGET_NAME)";
				SWIFT_VERSION = 5.0;
				TARGETED_DEVICE_FAMILY = "1,2";
			};
			name = Release;
		};
		22879E7326D21FEF00682651 /* Debug */ = {
			isa = XCBuildConfiguration;
			buildSettings = {
				BUNDLE_LOADER = "$(TEST_HOST)";
				CODE_SIGN_STYLE = Automatic;
				INFOPLIST_FILE = WifiDetectorTests/Info.plist;
				LD_RUNPATH_SEARCH_PATHS = (
					"$(inherited)",
					"@executable_path/Frameworks",
					"@loader_path/Frameworks",
				);
				PRODUCT_BUNDLE_IDENTIFIER = com.abdsani.WifiDetectorTests;
				PRODUCT_NAME = "$(TARGET_NAME)";
				SWIFT_VERSION = 5.0;
				TARGETED_DEVICE_FAMILY = "1,2";
				TEST_HOST = "$(BUILT_PRODUCTS_DIR)/WifiDetector.app/WifiDetector";
			};
			name = Debug;
		};
		22879E7426D21FEF00682651 /* Release */ = {
			isa = XCBuildConfiguration;
			buildSettings = {
				BUNDLE_LOADER = "$(TEST_HOST)";
				CODE_SIGN_STYLE = Automatic;
				INFOPLIST_FILE = WifiDetectorTests/Info.plist;
				LD_RUNPATH_SEARCH_PATHS = (
					"$(inherited)",
					"@executable_path/Frameworks",
					"@loader_path/Frameworks",
				);
				PRODUCT_BUNDLE_IDENTIFIER = com.abdsani.WifiDetectorTests;
				PRODUCT_NAME = "$(TARGET_NAME)";
				SWIFT_VERSION = 5.0;
				TARGETED_DEVICE_FAMILY = "1,2";
				TEST_HOST = "$(BUILT_PRODUCTS_DIR)/WifiDetector.app/WifiDetector";
			};
			name = Release;
		};
/* End XCBuildConfiguration section */

/* Begin XCConfigurationList section */
		22879E2626D0B46A00682651 /* Build configuration list for PBXProject "WifiDetector" */ = {
			isa = XCConfigurationList;
			buildConfigurations = (
				22879E3D26D0B46B00682651 /* Debug */,
				22879E3E26D0B46B00682651 /* Release */,
			);
			defaultConfigurationIsVisible = 0;
			defaultConfigurationName = Release;
		};
		22879E3F26D0B46B00682651 /* Build configuration list for PBXNativeTarget "WifiDetector" */ = {
			isa = XCConfigurationList;
			buildConfigurations = (
				22879E4026D0B46B00682651 /* Debug */,
				22879E4126D0B46B00682651 /* Release */,
			);
			defaultConfigurationIsVisible = 0;
			defaultConfigurationName = Release;
		};
		22879E7226D21FEF00682651 /* Build configuration list for PBXNativeTarget "WifiDetectorTests" */ = {
			isa = XCConfigurationList;
			buildConfigurations = (
				22879E7326D21FEF00682651 /* Debug */,
				22879E7426D21FEF00682651 /* Release */,
			);
			defaultConfigurationIsVisible = 0;
			defaultConfigurationName = Release;
		};
/* End XCConfigurationList section */
	};
	rootObject = 22879E2326D0B46A00682651 /* Project object */;
}
